
Microsoft Visual Studio Solution File, Format Version 12.00
# Visual Studio Version 17
VisualStudioVersion = 17.13.35828.75 d17.13
MinimumVisualStudioVersion = 10.0.40219.1
Project("{FAE04EC0-301F-11D3-BF4B-00C04F79EFBC}") = "MvcCv", "MvcCv\MvcCv.csproj", "{09EF904B-4A25-4DFF-9B24-2222B701848C}"
EndProject
Global
	GlobalSection(SolutionConfigurationPlatforms) = preSolution
		Debug|Any CPU = Debug|Any CPU
		Release|Any CPU = Release|Any CPU
	EndGlobalSection
	GlobalSection(ProjectConfigurationPlatforms) = postSolution
		{09EF904B-4A25-4DFF-9B24-2222B701848C}.Debug|Any CPU.ActiveCfg = Debug|Any CPU
		{09EF904B-4A25-4DFF-9B24-2222B701848C}.Debug|Any CPU.Build.0 = Debug|Any CPU
		{09EF904B-4A25-4DFF-9B24-2222B701848C}.Release|Any CPU.ActiveCfg = Release|Any CPU
		{09EF904B-4A25-4DFF-9B24-2222B701848C}.Release|Any CPU.Build.0 = Release|Any CPU
	EndGlobalSection
	GlobalSection(SolutionProperties) = preSolution
		HideSolutionNode = FALSE
	EndGlobalSection
	GlobalSection(ExtensibilityGlobals) = postSolution
		SolutionGuid = {6EF8214F-0360-471A-B5BC-6FFA9684A6CB}
	EndGlobalSection
EndGlobal
